
Microsoft Visual Studio Solution File, Format Version 12.00
# Visual Studio 15
VisualStudioVersion = 15.0.27428.2037
MinimumVisualStudioVersion = 10.0.40219.1
Project("{FAE04EC0-301F-11D3-BF4B-00C04F79EFBC}") = "ServicioESP", "ServicioESP\ServicioESP.csproj", "{CAD3C100-B9E9-41D7-A5EF-DE73C540711E}"
EndProject
Project("{00D1A9C2-B5F0-4AF3-8072-F6C62B433612}") = "ServicioESP_DB", "ServicioESP_DB\ServicioESP_DB.sqlproj", "{1420CFD1-289A-4DD7-85C0-14FD86628FEE}"
EndProject
Project("{FAE04EC0-301F-11D3-BF4B-00C04F79EFBC}") = "AplicacionLuces", "AplicacionLuces\AplicacionLuces.csproj", "{F492538E-AB3F-4367-A079-1BABED2218D3}"
EndProject
Global
	GlobalSection(SolutionConfigurationPlatforms) = preSolution
		Debug|Any CPU = Debug|Any CPU
		Release|Any CPU = Release|Any CPU
	EndGlobalSection
	GlobalSection(ProjectConfigurationPlatforms) = postSolution
		{CAD3C100-B9E9-41D7-A5EF-DE73C540711E}.Debug|Any CPU.ActiveCfg = Debug|Any CPU
		{CAD3C100-B9E9-41D7-A5EF-DE73C540711E}.Debug|Any CPU.Build.0 = Debug|Any CPU
		{CAD3C100-B9E9-41D7-A5EF-DE73C540711E}.Release|Any CPU.ActiveCfg = Release|Any CPU
		{CAD3C100-B9E9-41D7-A5EF-DE73C540711E}.Release|Any CPU.Build.0 = Release|Any CPU
		{1420CFD1-289A-4DD7-85C0-14FD86628FEE}.Debug|Any CPU.ActiveCfg = Debug|Any CPU
		{1420CFD1-289A-4DD7-85C0-14FD86628FEE}.Debug|Any CPU.Build.0 = Debug|Any CPU
		{1420CFD1-289A-4DD7-85C0-14FD86628FEE}.Debug|Any CPU.Deploy.0 = Debug|Any CPU
		{1420CFD1-289A-4DD7-85C0-14FD86628FEE}.Release|Any CPU.ActiveCfg = Release|Any CPU
		{1420CFD1-289A-4DD7-85C0-14FD86628FEE}.Release|Any CPU.Build.0 = Release|Any CPU
		{1420CFD1-289A-4DD7-85C0-14FD86628FEE}.Release|Any CPU.Deploy.0 = Release|Any CPU
		{F492538E-AB3F-4367-A079-1BABED2218D3}.Debug|Any CPU.ActiveCfg = Debug|Any CPU
		{F492538E-AB3F-4367-A079-1BABED2218D3}.Debug|Any CPU.Build.0 = Debug|Any CPU
		{F492538E-AB3F-4367-A079-1BABED2218D3}.Release|Any CPU.ActiveCfg = Release|Any CPU
		{F492538E-AB3F-4367-A079-1BABED2218D3}.Release|Any CPU.Build.0 = Release|Any CPU
	EndGlobalSection
	GlobalSection(SolutionProperties) = preSolution
		HideSolutionNode = FALSE
	EndGlobalSection
	GlobalSection(ExtensibilityGlobals) = postSolution
		SolutionGuid = {321FA753-5DF0-411C-A579-CBB9F5FD07AA}
	EndGlobalSection
EndGlobal
